{
  "lockfile-version": 1,
  "manifest": {
    "version": 1,
    "install": {
      "arconia-cli-flake": {
        "flake": "github:thomasvitale/arconia-cli-flake"
      },
      "graalvm-ce": {
        "pkg-path": "graalvm-ce",
        "version": "24.0.1"
      },
      "httpie": {
        "pkg-path": "httpie"
      },
      "pack": {
        "pkg-path": "pack"
      }
    },
    "vars": {
      "FLOX_DISABLE_METRICS": "true"
    },
    "hook": {},
    "profile": {},
    "options": {
      "systems": [
        "aarch64-darwin",
        "aarch64-linux",
        "x86_64-darwin",
        "x86_64-linux"
      ]
    }
  },
  "packages": [
    {
      "attr_path": "graalvm-ce",
      "broken": false,
      "derivation": "/nix/store/93vcfdls2mw351p7hi7lnl02035lky3v-graalvm-ce-24.0.1.drv",
      "description": "High-Performance Polyglot VM",
      "install_id": "graalvm-ce",
      "license": "[ UPL-1.0, GPL-2.0-with-classpath-exception, BSD-3-Clause ]",
      "locked_url": "https://github.com/flox/nixpkgs?rev=3e3afe5174c561dee0df6f2c2b2236990146329f",
      "name": "graalvm-ce-24.0.1",
      "pname": "graalvm-ce",
      "rev": "3e3afe5174c561dee0df6f2c2b2236990146329f",
      "rev_count": 811950,
      "rev_date": "2025-06-07T08:35:48Z",
      "scrape_date": "2025-06-09T04:23:51.512889Z",
      "stabilities": [
        "unstable"
      ],
      "unfree": false,
      "version": "24.0.1",
      "outputs_to_install": [
        "out"
      ],
      "outputs": {
        "out": "/nix/store/jiv5r4l347h7s5gkplszkkji3si9cys3-graalvm-ce-24.0.1"
      },
      "system": "aarch64-darwin",
      "group": "toplevel",
      "priority": 5
    },
    {
      "attr_path": "graalvm-ce",
      "broken": false,
      "derivation": "/nix/store/4a2ad10wxqkmzlky2spprl00qi1lwm14-graalvm-ce-24.0.1.drv",
      "description": "High-Performance Polyglot VM",
      "install_id": "graalvm-ce",
      "license": "[ UPL-1.0, GPL-2.0-with-classpath-exception, BSD-3-Clause ]",
      "locked_url": "https://github.com/flox/nixpkgs?rev=3e3afe5174c561dee0df6f2c2b2236990146329f",
      "name": "graalvm-ce-24.0.1",
      "pname": "graalvm-ce",
      "rev": "3e3afe5174c561dee0df6f2c2b2236990146329f",
      "rev_count": 811950,
      "rev_date": "2025-06-07T08:35:48Z",
      "scrape_date": "2025-06-09T04:41:59.442360Z",
      "stabilities": [
        "unstable"
      ],
      "unfree": false,
      "version": "24.0.1",
      "outputs_to_install": [
        "out"
      ],
      "outputs": {
        "out": "/nix/store/md9b8faqbhx1rh2jgb0i1kkga2c3wxnz-graalvm-ce-24.0.1"
      },
      "system": "aarch64-linux",
      "group": "toplevel",
      "priority": 5
    },
    {
      "attr_path": "graalvm-ce",
      "broken": false,
      "derivation": "/nix/store/yml60wls1mrailw7xizcg9q8di0k6v7g-graalvm-ce-24.0.1.drv",
      "description": "High-Performance Polyglot VM",
      "install_id": "graalvm-ce",
      "license": "[ UPL-1.0, GPL-2.0-with-classpath-exception, BSD-3-Clause ]",
      "locked_url": "https://github.com/flox/nixpkgs?rev=3e3afe5174c561dee0df6f2c2b2236990146329f",
      "name": "graalvm-ce-24.0.1",
      "pname": "graalvm-ce",
      "rev": "3e3afe5174c561dee0df6f2c2b2236990146329f",
      "rev_count": 811950,
      "rev_date": "2025-06-07T08:35:48Z",
      "scrape_date": "2025-06-09T04:58:21.767644Z",
      "stabilities": [
        "unstable"
      ],
      "unfree": false,
      "version": "24.0.1",
      "outputs_to_install": [
        "out"
      ],
      "outputs": {
        "out": "/nix/store/ygsbqnfxa82jq7ckdi0xahm4pzgd2fx6-graalvm-ce-24.0.1"
      },
      "system": "x86_64-darwin",
      "group": "toplevel",
      "priority": 5
    },
    {
      "attr_path": "graalvm-ce",
      "broken": false,
      "derivation": "/nix/store/lqhsqd6d0aaz55xr3lrphc1a5ildbqwi-graalvm-ce-24.0.1.drv",
      "description": "High-Performance Polyglot VM",
      "install_id": "graalvm-ce",
      "license": "[ UPL-1.0, GPL-2.0-with-classpath-exception, BSD-3-Clause ]",
      "locked_url": "https://github.com/flox/nixpkgs?rev=3e3afe5174c561dee0df6f2c2b2236990146329f",
      "name": "graalvm-ce-24.0.1",
      "pname": "graalvm-ce",
      "rev": "3e3afe5174c561dee0df6f2c2b2236990146329f",
      "rev_count": 811950,
      "rev_date": "2025-06-07T08:35:48Z",
      "scrape_date": "2025-06-09T05:17:42.881547Z",
      "stabilities": [
        "unstable"
      ],
      "unfree": false,
      "version": "24.0.1",
      "outputs_to_install": [
        "out"
      ],
      "outputs": {
        "out": "/nix/store/8ca2h2dk00iwn725dr46n7zd1j18jvn8-graalvm-ce-24.0.1"
      },
      "system": "x86_64-linux",
      "group": "toplevel",
      "priority": 5
    },
    {
      "attr_path": "httpie",
      "broken": false,
      "derivation": "/nix/store/bdxg5rifnxjjnfcpfsh8pi12g2giry00-python3.12-httpie-3.2.4.drv",
      "description": "Command line HTTP client whose goal is to make CLI human-friendly",
      "install_id": "httpie",
      "license": "BSD-3-Clause",
      "locked_url": "https://github.com/flox/nixpkgs?rev=3e3afe5174c561dee0df6f2c2b2236990146329f",
      "name": "httpie-3.2.4",
      "pname": "httpie",
      "rev": "3e3afe5174c561dee0df6f2c2b2236990146329f",
      "rev_count": 811950,
      "rev_date": "2025-06-07T08:35:48Z",
      "scrape_date": "2025-06-09T04:23:51.678748Z",
      "stabilities": [
        "unstable"
      ],
      "unfree": false,
      "version": "3.2.4",
      "outputs_to_install": [
        "out"
      ],
      "outputs": {
        "dist": "/nix/store/xy7gki5ak3v8d2yy7p6vkh4vw000c8a9-python3.12-httpie-3.2.4-dist",
        "out": "/nix/store/sh2p1km67z504fn1gfdwf01jahqikwfr-python3.12-httpie-3.2.4"
      },
      "system": "aarch64-darwin",
      "group": "toplevel",
      "priority": 5
    },
    {
      "attr_path": "httpie",
      "broken": false,
      "derivation": "/nix/store/1zy4iqjkk7zsgbgrzb7qxiqfv95f1l6f-python3.12-httpie-3.2.4.drv",
      "description": "Command line HTTP client whose goal is to make CLI human-friendly",
      "install_id": "httpie",
      "license": "BSD-3-Clause",
      "locked_url": "https://github.com/flox/nixpkgs?rev=3e3afe5174c561dee0df6f2c2b2236990146329f",
      "name": "httpie-3.2.4",
      "pname": "httpie",
      "rev": "3e3afe5174c561dee0df6f2c2b2236990146329f",
      "rev_count": 811950,
      "rev_date": "2025-06-07T08:35:48Z",
      "scrape_date": "2025-06-09T04:42:00.136871Z",
      "stabilities": [
        "unstable"
      ],
      "unfree": false,
      "version": "3.2.4",
      "outputs_to_install": [
        "out"
      ],
      "outputs": {
        "dist": "/nix/store/zyi6pl0iwvw823j8m6wr6fs6yc576pag-python3.12-httpie-3.2.4-dist",
        "out": "/nix/store/93xhm7h1lchy5klvqhzbingayaqh4l8k-python3.12-httpie-3.2.4"
      },
      "system": "aarch64-linux",
      "group": "toplevel",
      "priority": 5
    },
    {
      "attr_path": "httpie",
      "broken": false,
      "derivation": "/nix/store/5dgvdy43i6j9ln82v6ncrmqrahlza1j9-python3.12-httpie-3.2.4.drv",
      "description": "Command line HTTP client whose goal is to make CLI human-friendly",
      "install_id": "httpie",
      "license": "BSD-3-Clause",
      "locked_url": "https://github.com/flox/nixpkgs?rev=3e3afe5174c561dee0df6f2c2b2236990146329f",
      "name": "httpie-3.2.4",
      "pname": "httpie",
      "rev": "3e3afe5174c561dee0df6f2c2b2236990146329f",
      "rev_count": 811950,
      "rev_date": "2025-06-07T08:35:48Z",
      "scrape_date": "2025-06-09T04:58:21.938164Z",
      "stabilities": [
        "unstable"
      ],
      "unfree": false,
      "version": "3.2.4",
      "outputs_to_install": [
        "out"
      ],
      "outputs": {
        "dist": "/nix/store/zfklbgb73zpagkrx4229bsyijclkacxn-python3.12-httpie-3.2.4-dist",
        "out": "/nix/store/miii02j3q046j8y206imqhyqr62j3kd9-python3.12-httpie-3.2.4"
      },
      "system": "x86_64-darwin",
      "group": "toplevel",
      "priority": 5
    },
    {
      "attr_path": "httpie",
      "broken": false,
      "derivation": "/nix/store/9wwghymrb5c0illk9as0abr9dj075qrz-python3.12-httpie-3.2.4.drv",
      "description": "Command line HTTP client whose goal is to make CLI human-friendly",
      "install_id": "httpie",
      "license": "BSD-3-Clause",
      "locked_url": "https://github.com/flox/nixpkgs?rev=3e3afe5174c561dee0df6f2c2b2236990146329f",
      "name": "httpie-3.2.4",
      "pname": "httpie",
      "rev": "3e3afe5174c561dee0df6f2c2b2236990146329f",
      "rev_count": 811950,
      "rev_date": "2025-06-07T08:35:48Z",
      "scrape_date": "2025-06-09T05:17:43.635624Z",
      "stabilities": [
        "unstable"
      ],
      "unfree": false,
      "version": "3.2.4",
      "outputs_to_install": [
        "out"
      ],
      "outputs": {
        "dist": "/nix/store/c183p34628v1c5adl8zf0pqgabbd5wh6-python3.12-httpie-3.2.4-dist",
        "out": "/nix/store/klvk4jm9vpjv4jmwqsxk6d4dwl77b3gp-python3.12-httpie-3.2.4"
      },
      "system": "x86_64-linux",
      "group": "toplevel",
      "priority": 5
    },
    {
      "attr_path": "pack",
      "broken": false,
      "derivation": "/nix/store/vfx71hm0abrg5xzspsajyj6gnd1ymi73-pack-0.37.0.drv",
      "description": "CLI for building apps using Cloud Native Buildpacks",
      "install_id": "pack",
      "license": "Apache-2.0",
      "locked_url": "https://github.com/flox/nixpkgs?rev=3e3afe5174c561dee0df6f2c2b2236990146329f",
      "name": "pack-0.37.0",
      "pname": "pack",
      "rev": "3e3afe5174c561dee0df6f2c2b2236990146329f",
      "rev_count": 811950,
      "rev_date": "2025-06-07T08:35:48Z",
      "scrape_date": "2025-06-09T04:23:54.825526Z",
      "stabilities": [
        "unstable"
      ],
      "unfree": false,
      "version": "0.37.0",
      "outputs_to_install": [
        "out"
      ],
      "outputs": {
        "out": "/nix/store/666i4lxdkyrnfm5pargj06v1wbrng068-pack-0.37.0"
      },
      "system": "aarch64-darwin",
      "group": "toplevel",
      "priority": 5
    },
    {
      "attr_path": "pack",
      "broken": false,
      "derivation": "/nix/store/b1vi1lqcrakjdc24d4xj4l3mdbp4hxs7-pack-0.37.0.drv",
      "description": "CLI for building apps using Cloud Native Buildpacks",
      "install_id": "pack",
      "license": "Apache-2.0",
      "locked_url": "https://github.com/flox/nixpkgs?rev=3e3afe5174c561dee0df6f2c2b2236990146329f",
      "name": "pack-0.37.0",
      "pname": "pack",
      "rev": "3e3afe5174c561dee0df6f2c2b2236990146329f",
      "rev_count": 811950,
      "rev_date": "2025-06-07T08:35:48Z",
      "scrape_date": "2025-06-09T04:42:10.860201Z",
      "stabilities": [
        "unstable"
      ],
      "unfree": false,
      "version": "0.37.0",
      "outputs_to_install": [
        "out"
      ],
      "outputs": {
        "out": "/nix/store/7sfnhn74fgmnyaaicjxl0lrd9chqgiaj-pack-0.37.0"
      },
      "system": "aarch64-linux",
      "group": "toplevel",
      "priority": 5
    },
    {
      "attr_path": "pack",
      "broken": false,
      "derivation": "/nix/store/qldikp7q9jarlqcfzzkkx9kb3r5cznya-pack-0.37.0.drv",
      "description": "CLI for building apps using Cloud Native Buildpacks",
      "install_id": "pack",
      "license": "Apache-2.0",
      "locked_url": "https://github.com/flox/nixpkgs?rev=3e3afe5174c561dee0df6f2c2b2236990146329f",
      "name": "pack-0.37.0",
      "pname": "pack",
      "rev": "3e3afe5174c561dee0df6f2c2b2236990146329f",
      "rev_count": 811950,
      "rev_date": "2025-06-07T08:35:48Z",
      "scrape_date": "2025-06-09T04:58:25.104271Z",
      "stabilities": [
        "unstable"
      ],
      "unfree": false,
      "version": "0.37.0",
      "outputs_to_install": [
        "out"
      ],
      "outputs": {
        "out": "/nix/store/62xvlj1wr28pm96nxqgzq1psbiqnwx4a-pack-0.37.0"
      },
      "system": "x86_64-darwin",
      "group": "toplevel",
      "priority": 5
    },
    {
      "attr_path": "pack",
      "broken": false,
      "derivation": "/nix/store/y1l7ak9c7191ib272mm5gp7xsmy6841h-pack-0.37.0.drv",
      "description": "CLI for building apps using Cloud Native Buildpacks",
      "install_id": "pack",
      "license": "Apache-2.0",
      "locked_url": "https://github.com/flox/nixpkgs?rev=3e3afe5174c561dee0df6f2c2b2236990146329f",
      "name": "pack-0.37.0",
      "pname": "pack",
      "rev": "3e3afe5174c561dee0df6f2c2b2236990146329f",
      "rev_count": 811950,
      "rev_date": "2025-06-07T08:35:48Z",
      "scrape_date": "2025-06-09T05:17:56.598367Z",
      "stabilities": [
        "unstable"
      ],
      "unfree": false,
      "version": "0.37.0",
      "outputs_to_install": [
        "out"
      ],
      "outputs": {
        "out": "/nix/store/rd5zcrjdwzy0vn4x2kkdkzspnb5vrfql-pack-0.37.0"
      },
      "system": "x86_64-linux",
      "group": "toplevel",
      "priority": 5
    },
    {
      "install_id": "arconia-cli-flake",
      "locked-url": "github:thomasvitale/arconia-cli-flake/b0d9403de544f8d0d0e969cf5d7663a0c92288bc?narHash=sha256-mNn9/d0qkRmzTgZo%2BIyu7yQGd0oq0aCSE%2BGR8EZunr4%3D",
      "flake-description": "Arconia CLI",
      "locked-flake-attr-path": "packages.aarch64-darwin.default",
      "derivation": "/nix/store/smy10kik59yczhwcllp2373d33bkl16y-arconia-0.2.4.drv",
      "outputs": {
        "out": "/nix/store/5j1xj8h6kjw44impgfsnwhig7f5by1a6-arconia-0.2.4"
      },
      "output-names": [
        "out"
      ],
      "outputs-to-install": [
        "out"
      ],
      "requested-outputs-to-install": [],
      "package-system": "aarch64-darwin",
      "system": "aarch64-darwin",
      "name": "arconia-0.2.4",
      "pname": "arconia",
      "version": "0.2.4",
      "broken": false,
      "unfree": false,
      "priority": 5
    },
    {
      "install_id": "arconia-cli-flake",
      "locked-url": "github:thomasvitale/arconia-cli-flake/b0d9403de544f8d0d0e969cf5d7663a0c92288bc?narHash=sha256-mNn9/d0qkRmzTgZo%2BIyu7yQGd0oq0aCSE%2BGR8EZunr4%3D",
      "flake-description": "Arconia CLI",
      "locked-flake-attr-path": "packages.aarch64-linux.default",
      "derivation": "/nix/store/z4hrcwcn3l6syxw34np4jba9dqphbry8-arconia-0.2.4.drv",
      "outputs": {
        "out": "/nix/store/69x0g7aagc28dxwpapal0dwfw2wxlsfx-arconia-0.2.4"
      },
      "output-names": [
        "out"
      ],
      "outputs-to-install": [
        "out"
      ],
      "requested-outputs-to-install": [],
      "package-system": "aarch64-linux",
      "system": "aarch64-linux",
      "name": "arconia-0.2.4",
      "pname": "arconia",
      "version": "0.2.4",
      "broken": false,
      "unfree": false,
      "priority": 5
    },
    {
      "install_id": "arconia-cli-flake",
      "locked-url": "github:thomasvitale/arconia-cli-flake/b0d9403de544f8d0d0e969cf5d7663a0c92288bc?narHash=sha256-mNn9/d0qkRmzTgZo%2BIyu7yQGd0oq0aCSE%2BGR8EZunr4%3D",
      "flake-description": "Arconia CLI",
      "locked-flake-attr-path": "packages.x86_64-darwin.default",
      "derivation": "/nix/store/ha5206wvdqxrhh22ssqwcfaxflp48p5y-arconia-0.2.4.drv",
      "outputs": {
        "out": "/nix/store/bn3y878gs0id2y5nningahn6x1aj4hfn-arconia-0.2.4"
      },
      "output-names": [
        "out"
      ],
      "outputs-to-install": [
        "out"
      ],
      "requested-outputs-to-install": [],
      "package-system": "x86_64-darwin",
      "system": "x86_64-darwin",
      "name": "arconia-0.2.4",
      "pname": "arconia",
      "version": "0.2.4",
      "broken": false,
      "unfree": false,
      "priority": 5
    },
    {
      "install_id": "arconia-cli-flake",
      "locked-url": "github:thomasvitale/arconia-cli-flake/b0d9403de544f8d0d0e969cf5d7663a0c92288bc?narHash=sha256-mNn9/d0qkRmzTgZo%2BIyu7yQGd0oq0aCSE%2BGR8EZunr4%3D",
      "flake-description": "Arconia CLI",
      "locked-flake-attr-path": "packages.x86_64-linux.default",
      "derivation": "/nix/store/4pi20rq75k64q5ibq127dx001hy5nl9g-arconia-0.2.4.drv",
      "outputs": {
        "out": "/nix/store/znbaxkqramlzfx2z38i7bpqvrqzd43vb-arconia-0.2.4"
      },
      "output-names": [
        "out"
      ],
      "outputs-to-install": [
        "out"
      ],
      "requested-outputs-to-install": [],
      "package-system": "x86_64-linux",
      "system": "x86_64-linux",
      "name": "arconia-0.2.4",
      "pname": "arconia",
      "version": "0.2.4",
      "broken": false,
      "unfree": false,
      "priority": 5
    }
  ]
}