{
  "lockfile-version": 1,
  "manifest": {
    "version": 1,
    "install": {
      "graalvm-ce": {
        "pkg-path": "graalvm-ce",
        "version": "24.0.1"
      },
      "httpie": {
        "pkg-path": "httpie"
      }
    },
    "vars": {
      "FLOX_DISABLE_METRICS": "true"
    },
    "hook": {},
    "profile": {},
    "options": {
      "systems": [
        "aarch64-darwin",
        "aarch64-linux",
        "x86_64-darwin",
        "x86_64-linux"
      ]
    }
  },
  "packages": [
    {
      "attr_path": "graalvm-ce",
      "broken": false,
      "derivation": "/nix/store/a0gpbdnqdb8hk3qwqznlbk7zkxagxabx-graalvm-ce-24.0.1.drv",
      "description": "High-Performance Polyglot VM",
      "install_id": "graalvm-ce",
      "license": "[ UPL-1.0, GPL-2.0-with-classpath-exception, BSD-3-Clause ]",
      "locked_url": "https://github.com/flox/nixpkgs?rev=dda3dcd3fe03e991015e9a74b22d35950f264a54",
      "name": "graalvm-ce-24.0.1",
      "pname": "graalvm-ce",
      "rev": "dda3dcd3fe03e991015e9a74b22d35950f264a54",
      "rev_count": 796699,
      "rev_date": "2025-05-08T00:12:27Z",
      "scrape_date": "2025-05-10T04:25:11.455059Z",
      "stabilities": [
        "unstable"
      ],
      "unfree": false,
      "version": "24.0.1",
      "outputs_to_install": [
        "out"
      ],
      "outputs": {
        "out": "/nix/store/mx0qs6qjw7r33gm0y7dzmh4x2ibjgg3p-graalvm-ce-24.0.1"
      },
      "system": "aarch64-darwin",
      "group": "toplevel",
      "priority": 5
    },
    {
      "attr_path": "graalvm-ce",
      "broken": false,
      "derivation": "/nix/store/7mk7w9j5b197khzb83g77mprd29vjdgj-graalvm-ce-24.0.1.drv",
      "description": "High-Performance Polyglot VM",
      "install_id": "graalvm-ce",
      "license": "[ UPL-1.0, GPL-2.0-with-classpath-exception, BSD-3-Clause ]",
      "locked_url": "https://github.com/flox/nixpkgs?rev=dda3dcd3fe03e991015e9a74b22d35950f264a54",
      "name": "graalvm-ce-24.0.1",
      "pname": "graalvm-ce",
      "rev": "dda3dcd3fe03e991015e9a74b22d35950f264a54",
      "rev_count": 796699,
      "rev_date": "2025-05-08T00:12:27Z",
      "scrape_date": "2025-05-10T04:53:42.184219Z",
      "stabilities": [
        "unstable"
      ],
      "unfree": false,
      "version": "24.0.1",
      "outputs_to_install": [
        "out"
      ],
      "outputs": {
        "out": "/nix/store/kamchh9i1mfg2qdwcyaava10yphrckr0-graalvm-ce-24.0.1"
      },
      "system": "aarch64-linux",
      "group": "toplevel",
      "priority": 5
    },
    {
      "attr_path": "graalvm-ce",
      "broken": false,
      "derivation": "/nix/store/xxbgshy113zz97kzmribfb2hlhng5m87-graalvm-ce-24.0.1.drv",
      "description": "High-Performance Polyglot VM",
      "install_id": "graalvm-ce",
      "license": "[ UPL-1.0, GPL-2.0-with-classpath-exception, BSD-3-Clause ]",
      "locked_url": "https://github.com/flox/nixpkgs?rev=dda3dcd3fe03e991015e9a74b22d35950f264a54",
      "name": "graalvm-ce-24.0.1",
      "pname": "graalvm-ce",
      "rev": "dda3dcd3fe03e991015e9a74b22d35950f264a54",
      "rev_count": 796699,
      "rev_date": "2025-05-08T00:12:27Z",
      "scrape_date": "2025-05-10T05:23:20.916972Z",
      "stabilities": [
        "unstable"
      ],
      "unfree": false,
      "version": "24.0.1",
      "outputs_to_install": [
        "out"
      ],
      "outputs": {
        "out": "/nix/store/a7xiipb6c1gdsg5566b3bvvs0hl745y5-graalvm-ce-24.0.1"
      },
      "system": "x86_64-darwin",
      "group": "toplevel",
      "priority": 5
    },
    {
      "attr_path": "graalvm-ce",
      "broken": false,
      "derivation": "/nix/store/jyzizgvf17mphl2kk8c9sdmn5wyypkvx-graalvm-ce-24.0.1.drv",
      "description": "High-Performance Polyglot VM",
      "install_id": "graalvm-ce",
      "license": "[ UPL-1.0, GPL-2.0-with-classpath-exception, BSD-3-Clause ]",
      "locked_url": "https://github.com/flox/nixpkgs?rev=dda3dcd3fe03e991015e9a74b22d35950f264a54",
      "name": "graalvm-ce-24.0.1",
      "pname": "graalvm-ce",
      "rev": "dda3dcd3fe03e991015e9a74b22d35950f264a54",
      "rev_count": 796699,
      "rev_date": "2025-05-08T00:12:27Z",
      "scrape_date": "2025-05-10T05:58:24.755012Z",
      "stabilities": [
        "unstable"
      ],
      "unfree": false,
      "version": "24.0.1",
      "outputs_to_install": [
        "out"
      ],
      "outputs": {
        "out": "/nix/store/nyshs9hna7s6mpqpiib70jfxgz292v36-graalvm-ce-24.0.1"
      },
      "system": "x86_64-linux",
      "group": "toplevel",
      "priority": 5
    },
    {
      "attr_path": "httpie",
      "broken": false,
      "derivation": "/nix/store/a5ppb1xihsjg7gd1rfc9i17gfa8yz800-python3.12-httpie-3.2.4.drv",
      "description": "Command line HTTP client whose goal is to make CLI human-friendly",
      "install_id": "httpie",
      "license": "BSD-3-Clause",
      "locked_url": "https://github.com/flox/nixpkgs?rev=dda3dcd3fe03e991015e9a74b22d35950f264a54",
      "name": "httpie-3.2.4",
      "pname": "httpie",
      "rev": "dda3dcd3fe03e991015e9a74b22d35950f264a54",
      "rev_count": 796699,
      "rev_date": "2025-05-08T00:12:27Z",
      "scrape_date": "2025-05-10T04:25:11.622901Z",
      "stabilities": [
        "unstable"
      ],
      "unfree": false,
      "version": "3.2.4",
      "outputs_to_install": [
        "out"
      ],
      "outputs": {
        "dist": "/nix/store/vqnr7bbp8zia3qlxz5vdks3gmb2nbci9-python3.12-httpie-3.2.4-dist",
        "out": "/nix/store/2q7rqmq41wb44nhi1bair0pqdvj8qvlk-python3.12-httpie-3.2.4"
      },
      "system": "aarch64-darwin",
      "group": "toplevel",
      "priority": 5
    },
    {
      "attr_path": "httpie",
      "broken": false,
      "derivation": "/nix/store/d8fj3lkyw56k9l8xfnd11aw9x750mqgg-python3.12-httpie-3.2.4.drv",
      "description": "Command line HTTP client whose goal is to make CLI human-friendly",
      "install_id": "httpie",
      "license": "BSD-3-Clause",
      "locked_url": "https://github.com/flox/nixpkgs?rev=dda3dcd3fe03e991015e9a74b22d35950f264a54",
      "name": "httpie-3.2.4",
      "pname": "httpie",
      "rev": "dda3dcd3fe03e991015e9a74b22d35950f264a54",
      "rev_count": 796699,
      "rev_date": "2025-05-08T00:12:27Z",
      "scrape_date": "2025-05-10T04:53:42.876907Z",
      "stabilities": [
        "unstable"
      ],
      "unfree": false,
      "version": "3.2.4",
      "outputs_to_install": [
        "out"
      ],
      "outputs": {
        "dist": "/nix/store/3vm216h7rvp8ywjz18d4mnh8bjppf0as-python3.12-httpie-3.2.4-dist",
        "out": "/nix/store/0sss39gxk87pgvm0r0ggp6r13c5zfpjf-python3.12-httpie-3.2.4"
      },
      "system": "aarch64-linux",
      "group": "toplevel",
      "priority": 5
    },
    {
      "attr_path": "httpie",
      "broken": false,
      "derivation": "/nix/store/59gq7813n7b9a6yc60l9a9dk5qy5d7g9-python3.12-httpie-3.2.4.drv",
      "description": "Command line HTTP client whose goal is to make CLI human-friendly",
      "install_id": "httpie",
      "license": "BSD-3-Clause",
      "locked_url": "https://github.com/flox/nixpkgs?rev=dda3dcd3fe03e991015e9a74b22d35950f264a54",
      "name": "httpie-3.2.4",
      "pname": "httpie",
      "rev": "dda3dcd3fe03e991015e9a74b22d35950f264a54",
      "rev_count": 796699,
      "rev_date": "2025-05-08T00:12:27Z",
      "scrape_date": "2025-05-10T05:23:21.083917Z",
      "stabilities": [
        "unstable"
      ],
      "unfree": false,
      "version": "3.2.4",
      "outputs_to_install": [
        "out"
      ],
      "outputs": {
        "dist": "/nix/store/gqa11qlhhbfkzpjgvlpygsrcvljskvd8-python3.12-httpie-3.2.4-dist",
        "out": "/nix/store/jl26n6zl5j57m0fgal3q5yil1pz7w5c8-python3.12-httpie-3.2.4"
      },
      "system": "x86_64-darwin",
      "group": "toplevel",
      "priority": 5
    },
    {
      "attr_path": "httpie",
      "broken": false,
      "derivation": "/nix/store/z7ss7g5q319k3xiwbz6617rav7yx1fhk-python3.12-httpie-3.2.4.drv",
      "description": "Command line HTTP client whose goal is to make CLI human-friendly",
      "install_id": "httpie",
      "license": "BSD-3-Clause",
      "locked_url": "https://github.com/flox/nixpkgs?rev=dda3dcd3fe03e991015e9a74b22d35950f264a54",
      "name": "httpie-3.2.4",
      "pname": "httpie",
      "rev": "dda3dcd3fe03e991015e9a74b22d35950f264a54",
      "rev_count": 796699,
      "rev_date": "2025-05-08T00:12:27Z",
      "scrape_date": "2025-05-10T05:58:25.475946Z",
      "stabilities": [
        "unstable"
      ],
      "unfree": false,
      "version": "3.2.4",
      "outputs_to_install": [
        "out"
      ],
      "outputs": {
        "dist": "/nix/store/rbicxiz6rz2ji6h0m555zv20k12j4rn2-python3.12-httpie-3.2.4-dist",
        "out": "/nix/store/wbszs2bz89s2jj6in3mdcwzldvlwgwyi-python3.12-httpie-3.2.4"
      },
      "system": "x86_64-linux",
      "group": "toplevel",
      "priority": 5
    }
  ]
}