{
  "lockfile-version": 1,
  "manifest": {
    "version": 1,
    "install": {
      "arconia-cli-flake": {
        "flake": "github:thomasvitale/arconia-cli-flake"
      },
      "crane": {
        "pkg-path": "crane"
      },
      "graalvm-ce": {
        "pkg-path": "graalvm-ce",
        "version": "24.0.1"
      },
      "httpie": {
        "pkg-path": "httpie"
      },
      "kind": {
        "pkg-path": "kind"
      },
      "kn": {
        "pkg-path": "kn"
      },
      "kubectl": {
        "pkg-path": "kubectl"
      },
      "kubectx": {
        "pkg-path": "kubectx"
      },
      "kubernetes-helm": {
        "pkg-path": "kubernetes-helm"
      },
      "kustomize": {
        "pkg-path": "kustomize"
      },
      "pack": {
        "pkg-path": "pack"
      },
      "skaffold": {
        "pkg-path": "skaffold"
      }
    },
    "vars": {
      "FLOX_DISABLE_METRICS": "true"
    },
    "hook": {},
    "profile": {
      "common": "  alias k=kubectl\n"
    },
    "options": {
      "systems": [
        "aarch64-darwin",
        "aarch64-linux",
        "x86_64-darwin",
        "x86_64-linux"
      ]
    }
  },
  "packages": [
    {
      "attr_path": "crane",
      "broken": false,
      "derivation": "/nix/store/hkgmkq2nj7g7frfjg1jg38msxq98llw7-go-containerregistry-0.20.3.drv",
      "description": "Tools for interacting with remote images and registries including crane and gcrane",
      "install_id": "crane",
      "license": "Apache-2.0",
      "locked_url": "https://github.com/flox/nixpkgs?rev=3e3afe5174c561dee0df6f2c2b2236990146329f",
      "name": "go-containerregistry-0.20.3",
      "pname": "crane",
      "rev": "3e3afe5174c561dee0df6f2c2b2236990146329f",
      "rev_count": 811950,
      "rev_date": "2025-06-07T08:35:48Z",
      "scrape_date": "2025-06-09T04:23:50.879999Z",
      "stabilities": [
        "unstable"
      ],
      "unfree": false,
      "version": "0.20.3",
      "outputs_to_install": [
        "out"
      ],
      "outputs": {
        "crane": "/nix/store/z014z41jrd0qk63ncywh4hskrwj8dyic-go-containerregistry-0.20.3-crane",
        "gcrane": "/nix/store/p9b545dkf2bzn8j8bg4z56fcgyrqj1sr-go-containerregistry-0.20.3-gcrane",
        "out": "/nix/store/3hd01g0dqg8p4q827l2xidracj9s4jx1-go-containerregistry-0.20.3"
      },
      "system": "aarch64-darwin",
      "group": "toplevel",
      "priority": 5
    },
    {
      "attr_path": "crane",
      "broken": false,
      "derivation": "/nix/store/qrkqi7fy2sh0ssglzzh0hafh0qha62nw-go-containerregistry-0.20.3.drv",
      "description": "Tools for interacting with remote images and registries including crane and gcrane",
      "install_id": "crane",
      "license": "Apache-2.0",
      "locked_url": "https://github.com/flox/nixpkgs?rev=3e3afe5174c561dee0df6f2c2b2236990146329f",
      "name": "go-containerregistry-0.20.3",
      "pname": "crane",
      "rev": "3e3afe5174c561dee0df6f2c2b2236990146329f",
      "rev_count": 811950,
      "rev_date": "2025-06-07T08:35:48Z",
      "scrape_date": "2025-06-09T04:41:58.069576Z",
      "stabilities": [
        "unstable"
      ],
      "unfree": false,
      "version": "0.20.3",
      "outputs_to_install": [
        "out"
      ],
      "outputs": {
        "crane": "/nix/store/70zfdcvsrpwn8a8fha3z3y3w79y4l6hb-go-containerregistry-0.20.3-crane",
        "gcrane": "/nix/store/ksc7yb8glch1hfqqjzg8lsnicc0phvpn-go-containerregistry-0.20.3-gcrane",
        "out": "/nix/store/w8vfi3ijcfjcjwcahp4a84am9is0w217-go-containerregistry-0.20.3"
      },
      "system": "aarch64-linux",
      "group": "toplevel",
      "priority": 5
    },
    {
      "attr_path": "crane",
      "broken": false,
      "derivation": "/nix/store/ra7wr2axj9widpa2q1j9pdvnldhacayv-go-containerregistry-0.20.3.drv",
      "description": "Tools for interacting with remote images and registries including crane and gcrane",
      "install_id": "crane",
      "license": "Apache-2.0",
      "locked_url": "https://github.com/flox/nixpkgs?rev=3e3afe5174c561dee0df6f2c2b2236990146329f",
      "name": "go-containerregistry-0.20.3",
      "pname": "crane",
      "rev": "3e3afe5174c561dee0df6f2c2b2236990146329f",
      "rev_count": 811950,
      "rev_date": "2025-06-07T08:35:48Z",
      "scrape_date": "2025-06-09T04:58:21.106875Z",
      "stabilities": [
        "unstable"
      ],
      "unfree": false,
      "version": "0.20.3",
      "outputs_to_install": [
        "out"
      ],
      "outputs": {
        "crane": "/nix/store/f5rppwr93w62sypxh5wkjj7fhjapha5h-go-containerregistry-0.20.3-crane",
        "gcrane": "/nix/store/n1sd5l71v3bif1qlhzngd3q419fgl19g-go-containerregistry-0.20.3-gcrane",
        "out": "/nix/store/dmsx6b4w63dd2gg7jizpqhk6cx3lxkz3-go-containerregistry-0.20.3"
      },
      "system": "x86_64-darwin",
      "group": "toplevel",
      "priority": 5
    },
    {
      "attr_path": "crane",
      "broken": false,
      "derivation": "/nix/store/njszhi8kimgdbldc6wly00b5f5113hzh-go-containerregistry-0.20.3.drv",
      "description": "Tools for interacting with remote images and registries including crane and gcrane",
      "install_id": "crane",
      "license": "Apache-2.0",
      "locked_url": "https://github.com/flox/nixpkgs?rev=3e3afe5174c561dee0df6f2c2b2236990146329f",
      "name": "go-containerregistry-0.20.3",
      "pname": "crane",
      "rev": "3e3afe5174c561dee0df6f2c2b2236990146329f",
      "rev_count": 811950,
      "rev_date": "2025-06-07T08:35:48Z",
      "scrape_date": "2025-06-09T05:17:41.332868Z",
      "stabilities": [
        "unstable"
      ],
      "unfree": false,
      "version": "0.20.3",
      "outputs_to_install": [
        "out"
      ],
      "outputs": {
        "crane": "/nix/store/kjrsl0lj77wm7sjlchf8zbh6593n7amz-go-containerregistry-0.20.3-crane",
        "gcrane": "/nix/store/7i6lw8867d5a88mw1vh350qssmgyffgv-go-containerregistry-0.20.3-gcrane",
        "out": "/nix/store/r0bj3mh84n8nihv12s392db98krgnd61-go-containerregistry-0.20.3"
      },
      "system": "x86_64-linux",
      "group": "toplevel",
      "priority": 5
    },
    {
      "attr_path": "graalvm-ce",
      "broken": false,
      "derivation": "/nix/store/93vcfdls2mw351p7hi7lnl02035lky3v-graalvm-ce-24.0.1.drv",
      "description": "High-Performance Polyglot VM",
      "install_id": "graalvm-ce",
      "license": "[ UPL-1.0, GPL-2.0-with-classpath-exception, BSD-3-Clause ]",
      "locked_url": "https://github.com/flox/nixpkgs?rev=3e3afe5174c561dee0df6f2c2b2236990146329f",
      "name": "graalvm-ce-24.0.1",
      "pname": "graalvm-ce",
      "rev": "3e3afe5174c561dee0df6f2c2b2236990146329f",
      "rev_count": 811950,
      "rev_date": "2025-06-07T08:35:48Z",
      "scrape_date": "2025-06-09T04:23:51.512889Z",
      "stabilities": [
        "unstable"
      ],
      "unfree": false,
      "version": "24.0.1",
      "outputs_to_install": [
        "out"
      ],
      "outputs": {
        "out": "/nix/store/jiv5r4l347h7s5gkplszkkji3si9cys3-graalvm-ce-24.0.1"
      },
      "system": "aarch64-darwin",
      "group": "toplevel",
      "priority": 5
    },
    {
      "attr_path": "graalvm-ce",
      "broken": false,
      "derivation": "/nix/store/4a2ad10wxqkmzlky2spprl00qi1lwm14-graalvm-ce-24.0.1.drv",
      "description": "High-Performance Polyglot VM",
      "install_id": "graalvm-ce",
      "license": "[ UPL-1.0, GPL-2.0-with-classpath-exception, BSD-3-Clause ]",
      "locked_url": "https://github.com/flox/nixpkgs?rev=3e3afe5174c561dee0df6f2c2b2236990146329f",
      "name": "graalvm-ce-24.0.1",
      "pname": "graalvm-ce",
      "rev": "3e3afe5174c561dee0df6f2c2b2236990146329f",
      "rev_count": 811950,
      "rev_date": "2025-06-07T08:35:48Z",
      "scrape_date": "2025-06-09T04:41:59.442360Z",
      "stabilities": [
        "unstable"
      ],
      "unfree": false,
      "version": "24.0.1",
      "outputs_to_install": [
        "out"
      ],
      "outputs": {
        "out": "/nix/store/md9b8faqbhx1rh2jgb0i1kkga2c3wxnz-graalvm-ce-24.0.1"
      },
      "system": "aarch64-linux",
      "group": "toplevel",
      "priority": 5
    },
    {
      "attr_path": "graalvm-ce",
      "broken": false,
      "derivation": "/nix/store/yml60wls1mrailw7xizcg9q8di0k6v7g-graalvm-ce-24.0.1.drv",
      "description": "High-Performance Polyglot VM",
      "install_id": "graalvm-ce",
      "license": "[ UPL-1.0, GPL-2.0-with-classpath-exception, BSD-3-Clause ]",
      "locked_url": "https://github.com/flox/nixpkgs?rev=3e3afe5174c561dee0df6f2c2b2236990146329f",
      "name": "graalvm-ce-24.0.1",
      "pname": "graalvm-ce",
      "rev": "3e3afe5174c561dee0df6f2c2b2236990146329f",
      "rev_count": 811950,
      "rev_date": "2025-06-07T08:35:48Z",
      "scrape_date": "2025-06-09T04:58:21.767644Z",
      "stabilities": [
        "unstable"
      ],
      "unfree": false,
      "version": "24.0.1",
      "outputs_to_install": [
        "out"
      ],
      "outputs": {
        "out": "/nix/store/ygsbqnfxa82jq7ckdi0xahm4pzgd2fx6-graalvm-ce-24.0.1"
      },
      "system": "x86_64-darwin",
      "group": "toplevel",
      "priority": 5
    },
    {
      "attr_path": "graalvm-ce",
      "broken": false,
      "derivation": "/nix/store/lqhsqd6d0aaz55xr3lrphc1a5ildbqwi-graalvm-ce-24.0.1.drv",
      "description": "High-Performance Polyglot VM",
      "install_id": "graalvm-ce",
      "license": "[ UPL-1.0, GPL-2.0-with-classpath-exception, BSD-3-Clause ]",
      "locked_url": "https://github.com/flox/nixpkgs?rev=3e3afe5174c561dee0df6f2c2b2236990146329f",
      "name": "graalvm-ce-24.0.1",
      "pname": "graalvm-ce",
      "rev": "3e3afe5174c561dee0df6f2c2b2236990146329f",
      "rev_count": 811950,
      "rev_date": "2025-06-07T08:35:48Z",
      "scrape_date": "2025-06-09T05:17:42.881547Z",
      "stabilities": [
        "unstable"
      ],
      "unfree": false,
      "version": "24.0.1",
      "outputs_to_install": [
        "out"
      ],
      "outputs": {
        "out": "/nix/store/8ca2h2dk00iwn725dr46n7zd1j18jvn8-graalvm-ce-24.0.1"
      },
      "system": "x86_64-linux",
      "group": "toplevel",
      "priority": 5
    },
    {
      "attr_path": "httpie",
      "broken": false,
      "derivation": "/nix/store/bdxg5rifnxjjnfcpfsh8pi12g2giry00-python3.12-httpie-3.2.4.drv",
      "description": "Command line HTTP client whose goal is to make CLI human-friendly",
      "install_id": "httpie",
      "license": "BSD-3-Clause",
      "locked_url": "https://github.com/flox/nixpkgs?rev=3e3afe5174c561dee0df6f2c2b2236990146329f",
      "name": "httpie-3.2.4",
      "pname": "httpie",
      "rev": "3e3afe5174c561dee0df6f2c2b2236990146329f",
      "rev_count": 811950,
      "rev_date": "2025-06-07T08:35:48Z",
      "scrape_date": "2025-06-09T04:23:51.678748Z",
      "stabilities": [
        "unstable"
      ],
      "unfree": false,
      "version": "3.2.4",
      "outputs_to_install": [
        "out"
      ],
      "outputs": {
        "dist": "/nix/store/xy7gki5ak3v8d2yy7p6vkh4vw000c8a9-python3.12-httpie-3.2.4-dist",
        "out": "/nix/store/sh2p1km67z504fn1gfdwf01jahqikwfr-python3.12-httpie-3.2.4"
      },
      "system": "aarch64-darwin",
      "group": "toplevel",
      "priority": 5
    },
    {
      "attr_path": "httpie",
      "broken": false,
      "derivation": "/nix/store/1zy4iqjkk7zsgbgrzb7qxiqfv95f1l6f-python3.12-httpie-3.2.4.drv",
      "description": "Command line HTTP client whose goal is to make CLI human-friendly",
      "install_id": "httpie",
      "license": "BSD-3-Clause",
      "locked_url": "https://github.com/flox/nixpkgs?rev=3e3afe5174c561dee0df6f2c2b2236990146329f",
      "name": "httpie-3.2.4",
      "pname": "httpie",
      "rev": "3e3afe5174c561dee0df6f2c2b2236990146329f",
      "rev_count": 811950,
      "rev_date": "2025-06-07T08:35:48Z",
      "scrape_date": "2025-06-09T04:42:00.136871Z",
      "stabilities": [
        "unstable"
      ],
      "unfree": false,
      "version": "3.2.4",
      "outputs_to_install": [
        "out"
      ],
      "outputs": {
        "dist": "/nix/store/zyi6pl0iwvw823j8m6wr6fs6yc576pag-python3.12-httpie-3.2.4-dist",
        "out": "/nix/store/93xhm7h1lchy5klvqhzbingayaqh4l8k-python3.12-httpie-3.2.4"
      },
      "system": "aarch64-linux",
      "group": "toplevel",
      "priority": 5
    },
    {
      "attr_path": "httpie",
      "broken": false,
      "derivation": "/nix/store/5dgvdy43i6j9ln82v6ncrmqrahlza1j9-python3.12-httpie-3.2.4.drv",
      "description": "Command line HTTP client whose goal is to make CLI human-friendly",
      "install_id": "httpie",
      "license": "BSD-3-Clause",
      "locked_url": "https://github.com/flox/nixpkgs?rev=3e3afe5174c561dee0df6f2c2b2236990146329f",
      "name": "httpie-3.2.4",
      "pname": "httpie",
      "rev": "3e3afe5174c561dee0df6f2c2b2236990146329f",
      "rev_count": 811950,
      "rev_date": "2025-06-07T08:35:48Z",
      "scrape_date": "2025-06-09T04:58:21.938164Z",
      "stabilities": [
        "unstable"
      ],
      "unfree": false,
      "version": "3.2.4",
      "outputs_to_install": [
        "out"
      ],
      "outputs": {
        "dist": "/nix/store/zfklbgb73zpagkrx4229bsyijclkacxn-python3.12-httpie-3.2.4-dist",
        "out": "/nix/store/miii02j3q046j8y206imqhyqr62j3kd9-python3.12-httpie-3.2.4"
      },
      "system": "x86_64-darwin",
      "group": "toplevel",
      "priority": 5
    },
    {
      "attr_path": "httpie",
      "broken": false,
      "derivation": "/nix/store/9wwghymrb5c0illk9as0abr9dj075qrz-python3.12-httpie-3.2.4.drv",
      "description": "Command line HTTP client whose goal is to make CLI human-friendly",
      "install_id": "httpie",
      "license": "BSD-3-Clause",
      "locked_url": "https://github.com/flox/nixpkgs?rev=3e3afe5174c561dee0df6f2c2b2236990146329f",
      "name": "httpie-3.2.4",
      "pname": "httpie",
      "rev": "3e3afe5174c561dee0df6f2c2b2236990146329f",
      "rev_count": 811950,
      "rev_date": "2025-06-07T08:35:48Z",
      "scrape_date": "2025-06-09T05:17:43.635624Z",
      "stabilities": [
        "unstable"
      ],
      "unfree": false,
      "version": "3.2.4",
      "outputs_to_install": [
        "out"
      ],
      "outputs": {
        "dist": "/nix/store/c183p34628v1c5adl8zf0pqgabbd5wh6-python3.12-httpie-3.2.4-dist",
        "out": "/nix/store/klvk4jm9vpjv4jmwqsxk6d4dwl77b3gp-python3.12-httpie-3.2.4"
      },
      "system": "x86_64-linux",
      "group": "toplevel",
      "priority": 5
    },
    {
      "attr_path": "kind",
      "broken": false,
      "derivation": "/nix/store/31hy46vg60nyyykacrbzdcwws8qx8cjq-kind-0.27.0.drv",
      "description": "Kubernetes IN Docker - local clusters for testing Kubernetes",
      "install_id": "kind",
      "license": "Apache-2.0",
      "locked_url": "https://github.com/flox/nixpkgs?rev=3e3afe5174c561dee0df6f2c2b2236990146329f",
      "name": "kind-0.27.0",
      "pname": "kind",
      "rev": "3e3afe5174c561dee0df6f2c2b2236990146329f",
      "rev_count": 811950,
      "rev_date": "2025-06-07T08:35:48Z",
      "scrape_date": "2025-06-09T04:23:52.005156Z",
      "stabilities": [
        "unstable"
      ],
      "unfree": false,
      "version": "0.27.0",
      "outputs_to_install": [
        "out"
      ],
      "outputs": {
        "out": "/nix/store/hxi2yz0v53i2vdjgrpiiw5f1l1xrn8ra-kind-0.27.0"
      },
      "system": "aarch64-darwin",
      "group": "toplevel",
      "priority": 5
    },
    {
      "attr_path": "kind",
      "broken": false,
      "derivation": "/nix/store/q03wvcxxf257n7c2aq6m87gdzl84nyyd-kind-0.27.0.drv",
      "description": "Kubernetes IN Docker - local clusters for testing Kubernetes",
      "install_id": "kind",
      "license": "Apache-2.0",
      "locked_url": "https://github.com/flox/nixpkgs?rev=3e3afe5174c561dee0df6f2c2b2236990146329f",
      "name": "kind-0.27.0",
      "pname": "kind",
      "rev": "3e3afe5174c561dee0df6f2c2b2236990146329f",
      "rev_count": 811950,
      "rev_date": "2025-06-07T08:35:48Z",
      "scrape_date": "2025-06-09T04:42:01.013893Z",
      "stabilities": [
        "unstable"
      ],
      "unfree": false,
      "version": "0.27.0",
      "outputs_to_install": [
        "out"
      ],
      "outputs": {
        "out": "/nix/store/0sa4hv12sq8q3m73g2kdav18yb0jbnmm-kind-0.27.0"
      },
      "system": "aarch64-linux",
      "group": "toplevel",
      "priority": 5
    },
    {
      "attr_path": "kind",
      "broken": false,
      "derivation": "/nix/store/9k62kb2jahs9sgh1rrbyi0ay7r8ig13k-kind-0.27.0.drv",
      "description": "Kubernetes IN Docker - local clusters for testing Kubernetes",
      "install_id": "kind",
      "license": "Apache-2.0",
      "locked_url": "https://github.com/flox/nixpkgs?rev=3e3afe5174c561dee0df6f2c2b2236990146329f",
      "name": "kind-0.27.0",
      "pname": "kind",
      "rev": "3e3afe5174c561dee0df6f2c2b2236990146329f",
      "rev_count": 811950,
      "rev_date": "2025-06-07T08:35:48Z",
      "scrape_date": "2025-06-09T04:58:22.264423Z",
      "stabilities": [
        "unstable"
      ],
      "unfree": false,
      "version": "0.27.0",
      "outputs_to_install": [
        "out"
      ],
      "outputs": {
        "out": "/nix/store/dkm6ibjbk5ra51cvr637iy2gfcrlbqp0-kind-0.27.0"
      },
      "system": "x86_64-darwin",
      "group": "toplevel",
      "priority": 5
    },
    {
      "attr_path": "kind",
      "broken": false,
      "derivation": "/nix/store/5nnlqn9mj2i90bimgbas11nrynzm37xx-kind-0.27.0.drv",
      "description": "Kubernetes IN Docker - local clusters for testing Kubernetes",
      "install_id": "kind",
      "license": "Apache-2.0",
      "locked_url": "https://github.com/flox/nixpkgs?rev=3e3afe5174c561dee0df6f2c2b2236990146329f",
      "name": "kind-0.27.0",
      "pname": "kind",
      "rev": "3e3afe5174c561dee0df6f2c2b2236990146329f",
      "rev_count": 811950,
      "rev_date": "2025-06-07T08:35:48Z",
      "scrape_date": "2025-06-09T05:17:44.599716Z",
      "stabilities": [
        "unstable"
      ],
      "unfree": false,
      "version": "0.27.0",
      "outputs_to_install": [
        "out"
      ],
      "outputs": {
        "out": "/nix/store/1f4qk0ga3550d8w4lvqvrf5jrjz59kdy-kind-0.27.0"
      },
      "system": "x86_64-linux",
      "group": "toplevel",
      "priority": 5
    },
    {
      "attr_path": "kn",
      "broken": false,
      "derivation": "/nix/store/mc1crbnbs5v6qbmynafkph0q6jkdd11v-kn-1.18.0.drv",
      "description": "Create Knative resources interactively from the command line or from within scripts",
      "install_id": "kn",
      "license": "Apache-2.0",
      "locked_url": "https://github.com/flox/nixpkgs?rev=3e3afe5174c561dee0df6f2c2b2236990146329f",
      "name": "kn-1.18.0",
      "pname": "kn",
      "rev": "3e3afe5174c561dee0df6f2c2b2236990146329f",
      "rev_count": 811950,
      "rev_date": "2025-06-07T08:35:48Z",
      "scrape_date": "2025-06-09T04:23:52.012911Z",
      "stabilities": [
        "unstable"
      ],
      "unfree": false,
      "version": "1.18.0",
      "outputs_to_install": [
        "out"
      ],
      "outputs": {
        "out": "/nix/store/pp4zxkgdfbc308dzly4piw7dbv0w384f-kn-1.18.0"
      },
      "system": "aarch64-darwin",
      "group": "toplevel",
      "priority": 5
    },
    {
      "attr_path": "kn",
      "broken": false,
      "derivation": "/nix/store/mi692bwcj289bsf8f41p1an7qqrpfmyh-kn-1.18.0.drv",
      "description": "Create Knative resources interactively from the command line or from within scripts",
      "install_id": "kn",
      "license": "Apache-2.0",
      "locked_url": "https://github.com/flox/nixpkgs?rev=3e3afe5174c561dee0df6f2c2b2236990146329f",
      "name": "kn-1.18.0",
      "pname": "kn",
      "rev": "3e3afe5174c561dee0df6f2c2b2236990146329f",
      "rev_count": 811950,
      "rev_date": "2025-06-07T08:35:48Z",
      "scrape_date": "2025-06-09T04:42:01.038944Z",
      "stabilities": [
        "unstable"
      ],
      "unfree": false,
      "version": "1.18.0",
      "outputs_to_install": [
        "out"
      ],
      "outputs": {
        "out": "/nix/store/zvlql8vss2q0vl9h038jqkyh1pxdhfmc-kn-1.18.0"
      },
      "system": "aarch64-linux",
      "group": "toplevel",
      "priority": 5
    },
    {
      "attr_path": "kn",
      "broken": false,
      "derivation": "/nix/store/5adlsviwy476b5014sdsrncllfwqf741-kn-1.18.0.drv",
      "description": "Create Knative resources interactively from the command line or from within scripts",
      "install_id": "kn",
      "license": "Apache-2.0",
      "locked_url": "https://github.com/flox/nixpkgs?rev=3e3afe5174c561dee0df6f2c2b2236990146329f",
      "name": "kn-1.18.0",
      "pname": "kn",
      "rev": "3e3afe5174c561dee0df6f2c2b2236990146329f",
      "rev_count": 811950,
      "rev_date": "2025-06-07T08:35:48Z",
      "scrape_date": "2025-06-09T04:58:22.272354Z",
      "stabilities": [
        "unstable"
      ],
      "unfree": false,
      "version": "1.18.0",
      "outputs_to_install": [
        "out"
      ],
      "outputs": {
        "out": "/nix/store/myc2zmplmmzjdhh2dmzfws7gfh10rp4v-kn-1.18.0"
      },
      "system": "x86_64-darwin",
      "group": "toplevel",
      "priority": 5
    },
    {
      "attr_path": "kn",
      "broken": false,
      "derivation": "/nix/store/v20v00l29zr91bwn28qava0qj4z1q2zx-kn-1.18.0.drv",
      "description": "Create Knative resources interactively from the command line or from within scripts",
      "install_id": "kn",
      "license": "Apache-2.0",
      "locked_url": "https://github.com/flox/nixpkgs?rev=3e3afe5174c561dee0df6f2c2b2236990146329f",
      "name": "kn-1.18.0",
      "pname": "kn",
      "rev": "3e3afe5174c561dee0df6f2c2b2236990146329f",
      "rev_count": 811950,
      "rev_date": "2025-06-07T08:35:48Z",
      "scrape_date": "2025-06-09T05:17:44.628387Z",
      "stabilities": [
        "unstable"
      ],
      "unfree": false,
      "version": "1.18.0",
      "outputs_to_install": [
        "out"
      ],
      "outputs": {
        "out": "/nix/store/scp177d4dg629v16phfi1z98xd60y4n6-kn-1.18.0"
      },
      "system": "x86_64-linux",
      "group": "toplevel",
      "priority": 5
    },
    {
      "attr_path": "kubectl",
      "broken": false,
      "derivation": "/nix/store/hj9ga8m4x3rxjfb15zbfwnkx37zwwvfd-kubectl-1.33.1.drv",
      "description": "Kubernetes CLI",
      "install_id": "kubectl",
      "license": "Apache-2.0",
      "locked_url": "https://github.com/flox/nixpkgs?rev=3e3afe5174c561dee0df6f2c2b2236990146329f",
      "name": "kubectl-1.33.1",
      "pname": "kubectl",
      "rev": "3e3afe5174c561dee0df6f2c2b2236990146329f",
      "rev_count": 811950,
      "rev_date": "2025-06-07T08:35:48Z",
      "scrape_date": "2025-06-09T04:23:52.063690Z",
      "stabilities": [
        "unstable"
      ],
      "unfree": false,
      "version": "1.33.1",
      "outputs_to_install": [
        "man",
        "out"
      ],
      "outputs": {
        "convert": "/nix/store/cjm9i86w7is18g3cpsgfc0c3jmsnp0s8-kubectl-1.33.1-convert",
        "man": "/nix/store/20v8bx884m4i34zdkksdq5qpkm966m65-kubectl-1.33.1-man",
        "out": "/nix/store/vcq5gsn9rp26xbz14b5b2fd8map8qnvj-kubectl-1.33.1"
      },
      "system": "aarch64-darwin",
      "group": "toplevel",
      "priority": 5
    },
    {
      "attr_path": "kubectl",
      "broken": false,
      "derivation": "/nix/store/mw0rcfa38qy2a7f86j3im7v2x7s0zy3w-kubectl-1.33.1.drv",
      "description": "Kubernetes CLI",
      "install_id": "kubectl",
      "license": "Apache-2.0",
      "locked_url": "https://github.com/flox/nixpkgs?rev=3e3afe5174c561dee0df6f2c2b2236990146329f",
      "name": "kubectl-1.33.1",
      "pname": "kubectl",
      "rev": "3e3afe5174c561dee0df6f2c2b2236990146329f",
      "rev_count": 811950,
      "rev_date": "2025-06-07T08:35:48Z",
      "scrape_date": "2025-06-09T04:42:01.154292Z",
      "stabilities": [
        "unstable"
      ],
      "unfree": false,
      "version": "1.33.1",
      "outputs_to_install": [
        "man",
        "out"
      ],
      "outputs": {
        "convert": "/nix/store/kh7b55lvpwfrdfbq3qrzcj9qjanfqn7c-kubectl-1.33.1-convert",
        "man": "/nix/store/gy8hdpwiqcy35zp0a9imbv4fqqy3cwn8-kubectl-1.33.1-man",
        "out": "/nix/store/m8406nxn25y7a80jxq6mdk70p1xl8xrc-kubectl-1.33.1"
      },
      "system": "aarch64-linux",
      "group": "toplevel",
      "priority": 5
    },
    {
      "attr_path": "kubectl",
      "broken": false,
      "derivation": "/nix/store/azhdfwxmmbx0w0hxndxjwxwaxi4n0r07-kubectl-1.33.1.drv",
      "description": "Kubernetes CLI",
      "install_id": "kubectl",
      "license": "Apache-2.0",
      "locked_url": "https://github.com/flox/nixpkgs?rev=3e3afe5174c561dee0df6f2c2b2236990146329f",
      "name": "kubectl-1.33.1",
      "pname": "kubectl",
      "rev": "3e3afe5174c561dee0df6f2c2b2236990146329f",
      "rev_count": 811950,
      "rev_date": "2025-06-07T08:35:48Z",
      "scrape_date": "2025-06-09T04:58:22.324148Z",
      "stabilities": [
        "unstable"
      ],
      "unfree": false,
      "version": "1.33.1",
      "outputs_to_install": [
        "man",
        "out"
      ],
      "outputs": {
        "convert": "/nix/store/fdpw2205wf6qq7h271nzbhxdmx561vq0-kubectl-1.33.1-convert",
        "man": "/nix/store/0n7ik9w8sjrhanv7yb1ijhwyawx7xcz2-kubectl-1.33.1-man",
        "out": "/nix/store/g8r4y54jpdyrvnrbhqyg60sr1wpqx0ff-kubectl-1.33.1"
      },
      "system": "x86_64-darwin",
      "group": "toplevel",
      "priority": 5
    },
    {
      "attr_path": "kubectl",
      "broken": false,
      "derivation": "/nix/store/wx3rsszba7dcbq7qrk5bkr8kilfw4dd2-kubectl-1.33.1.drv",
      "description": "Kubernetes CLI",
      "install_id": "kubectl",
      "license": "Apache-2.0",
      "locked_url": "https://github.com/flox/nixpkgs?rev=3e3afe5174c561dee0df6f2c2b2236990146329f",
      "name": "kubectl-1.33.1",
      "pname": "kubectl",
      "rev": "3e3afe5174c561dee0df6f2c2b2236990146329f",
      "rev_count": 811950,
      "rev_date": "2025-06-07T08:35:48Z",
      "scrape_date": "2025-06-09T05:17:44.752241Z",
      "stabilities": [
        "unstable"
      ],
      "unfree": false,
      "version": "1.33.1",
      "outputs_to_install": [
        "man",
        "out"
      ],
      "outputs": {
        "convert": "/nix/store/yqlm8fmchxsxzica482r16sfm8x84hck-kubectl-1.33.1-convert",
        "man": "/nix/store/hhank6pxbzwzm6b6gphpc1rj2jjdpmmk-kubectl-1.33.1-man",
        "out": "/nix/store/lrfm3r4z5iqyn5fqf085bdyp7b5ghhdr-kubectl-1.33.1"
      },
      "system": "x86_64-linux",
      "group": "toplevel",
      "priority": 5
    },
    {
      "attr_path": "kubectx",
      "broken": false,
      "derivation": "/nix/store/q0vyggr4x2ir9vp684w7grg4hynyz2pv-kubectx-0.9.5.drv",
      "description": "Fast way to switch between clusters and namespaces in kubectl!",
      "install_id": "kubectx",
      "license": "Apache-2.0",
      "locked_url": "https://github.com/flox/nixpkgs?rev=3e3afe5174c561dee0df6f2c2b2236990146329f",
      "name": "kubectx-0.9.5",
      "pname": "kubectx",
      "rev": "3e3afe5174c561dee0df6f2c2b2236990146329f",
      "rev_count": 811950,
      "rev_date": "2025-06-07T08:35:48Z",
      "scrape_date": "2025-06-09T04:23:52.070683Z",
      "stabilities": [
        "unstable"
      ],
      "unfree": false,
      "version": "0.9.5",
      "outputs_to_install": [
        "out"
      ],
      "outputs": {
        "out": "/nix/store/v95vwkbic2zsbah72ax8zqppmaaglhg3-kubectx-0.9.5"
      },
      "system": "aarch64-darwin",
      "group": "toplevel",
      "priority": 5
    },
    {
      "attr_path": "kubectx",
      "broken": false,
      "derivation": "/nix/store/yvn8l8hx6fac5xvywbbifhm73ak4s792-kubectx-0.9.5.drv",
      "description": "Fast way to switch between clusters and namespaces in kubectl!",
      "install_id": "kubectx",
      "license": "Apache-2.0",
      "locked_url": "https://github.com/flox/nixpkgs?rev=3e3afe5174c561dee0df6f2c2b2236990146329f",
      "name": "kubectx-0.9.5",
      "pname": "kubectx",
      "rev": "3e3afe5174c561dee0df6f2c2b2236990146329f",
      "rev_count": 811950,
      "rev_date": "2025-06-07T08:35:48Z",
      "scrape_date": "2025-06-09T04:42:01.165145Z",
      "stabilities": [
        "unstable"
      ],
      "unfree": false,
      "version": "0.9.5",
      "outputs_to_install": [
        "out"
      ],
      "outputs": {
        "out": "/nix/store/cknyw01hrqgw7hl5z5hq4xhdm7z7cl5g-kubectx-0.9.5"
      },
      "system": "aarch64-linux",
      "group": "toplevel",
      "priority": 5
    },
    {
      "attr_path": "kubectx",
      "broken": false,
      "derivation": "/nix/store/xjldv9zcys5nwpiqvf5mkrsipj80r6sx-kubectx-0.9.5.drv",
      "description": "Fast way to switch between clusters and namespaces in kubectl!",
      "install_id": "kubectx",
      "license": "Apache-2.0",
      "locked_url": "https://github.com/flox/nixpkgs?rev=3e3afe5174c561dee0df6f2c2b2236990146329f",
      "name": "kubectx-0.9.5",
      "pname": "kubectx",
      "rev": "3e3afe5174c561dee0df6f2c2b2236990146329f",
      "rev_count": 811950,
      "rev_date": "2025-06-07T08:35:48Z",
      "scrape_date": "2025-06-09T04:58:22.331299Z",
      "stabilities": [
        "unstable"
      ],
      "unfree": false,
      "version": "0.9.5",
      "outputs_to_install": [
        "out"
      ],
      "outputs": {
        "out": "/nix/store/79h8kfnc06r75h7fk5v6wfwjci5kkwmb-kubectx-0.9.5"
      },
      "system": "x86_64-darwin",
      "group": "toplevel",
      "priority": 5
    },
    {
      "attr_path": "kubectx",
      "broken": false,
      "derivation": "/nix/store/xk9bac1v8cl0c8aw2fg1jmpdiv5b0yni-kubectx-0.9.5.drv",
      "description": "Fast way to switch between clusters and namespaces in kubectl!",
      "install_id": "kubectx",
      "license": "Apache-2.0",
      "locked_url": "https://github.com/flox/nixpkgs?rev=3e3afe5174c561dee0df6f2c2b2236990146329f",
      "name": "kubectx-0.9.5",
      "pname": "kubectx",
      "rev": "3e3afe5174c561dee0df6f2c2b2236990146329f",
      "rev_count": 811950,
      "rev_date": "2025-06-07T08:35:48Z",
      "scrape_date": "2025-06-09T05:17:44.763826Z",
      "stabilities": [
        "unstable"
      ],
      "unfree": false,
      "version": "0.9.5",
      "outputs_to_install": [
        "out"
      ],
      "outputs": {
        "out": "/nix/store/cqwhwxb7iyfm31imc6v68p9655nmzzys-kubectx-0.9.5"
      },
      "system": "x86_64-linux",
      "group": "toplevel",
      "priority": 5
    },
    {
      "attr_path": "kubernetes-helm",
      "broken": false,
      "derivation": "/nix/store/s2w5pyvhjzfdvphx2zp8dzql4fhfifw4-kubernetes-helm-3.17.3.drv",
      "description": "Package manager for kubernetes",
      "install_id": "kubernetes-helm",
      "license": "Apache-2.0",
      "locked_url": "https://github.com/flox/nixpkgs?rev=3e3afe5174c561dee0df6f2c2b2236990146329f",
      "name": "kubernetes-helm-3.17.3",
      "pname": "kubernetes-helm",
      "rev": "3e3afe5174c561dee0df6f2c2b2236990146329f",
      "rev_count": 811950,
      "rev_date": "2025-06-07T08:35:48Z",
      "scrape_date": "2025-06-09T04:23:52.076474Z",
      "stabilities": [
        "unstable"
      ],
      "unfree": false,
      "version": "3.17.3",
      "outputs_to_install": [
        "out"
      ],
      "outputs": {
        "out": "/nix/store/mg9rya9swd6lymmarlgjmx2m037ydngc-kubernetes-helm-3.17.3"
      },
      "system": "aarch64-darwin",
      "group": "toplevel",
      "priority": 5
    },
    {
      "attr_path": "kubernetes-helm",
      "broken": false,
      "derivation": "/nix/store/9rcvd6zw37c6bsi9a3jrq73yd988z7q9-kubernetes-helm-3.17.3.drv",
      "description": "Package manager for kubernetes",
      "install_id": "kubernetes-helm",
      "license": "Apache-2.0",
      "locked_url": "https://github.com/flox/nixpkgs?rev=3e3afe5174c561dee0df6f2c2b2236990146329f",
      "name": "kubernetes-helm-3.17.3",
      "pname": "kubernetes-helm",
      "rev": "3e3afe5174c561dee0df6f2c2b2236990146329f",
      "rev_count": 811950,
      "rev_date": "2025-06-07T08:35:48Z",
      "scrape_date": "2025-06-09T04:42:01.174599Z",
      "stabilities": [
        "unstable"
      ],
      "unfree": false,
      "version": "3.17.3",
      "outputs_to_install": [
        "out"
      ],
      "outputs": {
        "out": "/nix/store/kd9x5i47ydamzw514a6lc6r1i0ybiygn-kubernetes-helm-3.17.3"
      },
      "system": "aarch64-linux",
      "group": "toplevel",
      "priority": 5
    },
    {
      "attr_path": "kubernetes-helm",
      "broken": false,
      "derivation": "/nix/store/55hrp7cq7v91jh9lkhfjpbrfq0b0iihy-kubernetes-helm-3.17.3.drv",
      "description": "Package manager for kubernetes",
      "install_id": "kubernetes-helm",
      "license": "Apache-2.0",
      "locked_url": "https://github.com/flox/nixpkgs?rev=3e3afe5174c561dee0df6f2c2b2236990146329f",
      "name": "kubernetes-helm-3.17.3",
      "pname": "kubernetes-helm",
      "rev": "3e3afe5174c561dee0df6f2c2b2236990146329f",
      "rev_count": 811950,
      "rev_date": "2025-06-07T08:35:48Z",
      "scrape_date": "2025-06-09T04:58:22.337208Z",
      "stabilities": [
        "unstable"
      ],
      "unfree": false,
      "version": "3.17.3",
      "outputs_to_install": [
        "out"
      ],
      "outputs": {
        "out": "/nix/store/kiy0fscxlhdyy1v7rj290g0vbwa62m3i-kubernetes-helm-3.17.3"
      },
      "system": "x86_64-darwin",
      "group": "toplevel",
      "priority": 5
    },
    {
      "attr_path": "kubernetes-helm",
      "broken": false,
      "derivation": "/nix/store/ymkj3c0bdhlhrkh9l03qs839fhbfag97-kubernetes-helm-3.17.3.drv",
      "description": "Package manager for kubernetes",
      "install_id": "kubernetes-helm",
      "license": "Apache-2.0",
      "locked_url": "https://github.com/flox/nixpkgs?rev=3e3afe5174c561dee0df6f2c2b2236990146329f",
      "name": "kubernetes-helm-3.17.3",
      "pname": "kubernetes-helm",
      "rev": "3e3afe5174c561dee0df6f2c2b2236990146329f",
      "rev_count": 811950,
      "rev_date": "2025-06-07T08:35:48Z",
      "scrape_date": "2025-06-09T05:17:44.773797Z",
      "stabilities": [
        "unstable"
      ],
      "unfree": false,
      "version": "3.17.3",
      "outputs_to_install": [
        "out"
      ],
      "outputs": {
        "out": "/nix/store/z8fh9w8y3hlckw7zqi29hgfz0x5gyi0s-kubernetes-helm-3.17.3"
      },
      "system": "x86_64-linux",
      "group": "toplevel",
      "priority": 5
    },
    {
      "attr_path": "kustomize",
      "broken": false,
      "derivation": "/nix/store/9kvxl0jnylr9bmgn059fnby1dfvq2q7f-kustomize-5.6.0.drv",
      "description": "Customization of kubernetes YAML configurations",
      "install_id": "kustomize",
      "license": "Apache-2.0",
      "locked_url": "https://github.com/flox/nixpkgs?rev=3e3afe5174c561dee0df6f2c2b2236990146329f",
      "name": "kustomize-5.6.0",
      "pname": "kustomize",
      "rev": "3e3afe5174c561dee0df6f2c2b2236990146329f",
      "rev_count": 811950,
      "rev_date": "2025-06-07T08:35:48Z",
      "scrape_date": "2025-06-09T04:23:52.090005Z",
      "stabilities": [
        "unstable"
      ],
      "unfree": false,
      "version": "5.6.0",
      "outputs_to_install": [
        "out"
      ],
      "outputs": {
        "out": "/nix/store/spr7yrr1ajfmwkwx6qak45mpa67643cw-kustomize-5.6.0"
      },
      "system": "aarch64-darwin",
      "group": "toplevel",
      "priority": 5
    },
    {
      "attr_path": "kustomize",
      "broken": false,
      "derivation": "/nix/store/cz9sq8qlg5qmyv8jnf1j63s7kk4lrrql-kustomize-5.6.0.drv",
      "description": "Customization of kubernetes YAML configurations",
      "install_id": "kustomize",
      "license": "Apache-2.0",
      "locked_url": "https://github.com/flox/nixpkgs?rev=3e3afe5174c561dee0df6f2c2b2236990146329f",
      "name": "kustomize-5.6.0",
      "pname": "kustomize",
      "rev": "3e3afe5174c561dee0df6f2c2b2236990146329f",
      "rev_count": 811950,
      "rev_date": "2025-06-07T08:35:48Z",
      "scrape_date": "2025-06-09T04:42:01.196893Z",
      "stabilities": [
        "unstable"
      ],
      "unfree": false,
      "version": "5.6.0",
      "outputs_to_install": [
        "out"
      ],
      "outputs": {
        "out": "/nix/store/74dc4ysb9hypdqri86l4q13cnijn8ifg-kustomize-5.6.0"
      },
      "system": "aarch64-linux",
      "group": "toplevel",
      "priority": 5
    },
    {
      "attr_path": "kustomize",
      "broken": false,
      "derivation": "/nix/store/xq6ylzhv4mavfd73i58xfii9w4n7dh6m-kustomize-5.6.0.drv",
      "description": "Customization of kubernetes YAML configurations",
      "install_id": "kustomize",
      "license": "Apache-2.0",
      "locked_url": "https://github.com/flox/nixpkgs?rev=3e3afe5174c561dee0df6f2c2b2236990146329f",
      "name": "kustomize-5.6.0",
      "pname": "kustomize",
      "rev": "3e3afe5174c561dee0df6f2c2b2236990146329f",
      "rev_count": 811950,
      "rev_date": "2025-06-07T08:35:48Z",
      "scrape_date": "2025-06-09T04:58:22.350965Z",
      "stabilities": [
        "unstable"
      ],
      "unfree": false,
      "version": "5.6.0",
      "outputs_to_install": [
        "out"
      ],
      "outputs": {
        "out": "/nix/store/qwm24iw2z061cyv3fy4vdq9lrbf9y18q-kustomize-5.6.0"
      },
      "system": "x86_64-darwin",
      "group": "toplevel",
      "priority": 5
    },
    {
      "attr_path": "kustomize",
      "broken": false,
      "derivation": "/nix/store/5p3vjw6p5n9md7d5a3vv03mrk54byfm6-kustomize-5.6.0.drv",
      "description": "Customization of kubernetes YAML configurations",
      "install_id": "kustomize",
      "license": "Apache-2.0",
      "locked_url": "https://github.com/flox/nixpkgs?rev=3e3afe5174c561dee0df6f2c2b2236990146329f",
      "name": "kustomize-5.6.0",
      "pname": "kustomize",
      "rev": "3e3afe5174c561dee0df6f2c2b2236990146329f",
      "rev_count": 811950,
      "rev_date": "2025-06-07T08:35:48Z",
      "scrape_date": "2025-06-09T05:17:44.797525Z",
      "stabilities": [
        "unstable"
      ],
      "unfree": false,
      "version": "5.6.0",
      "outputs_to_install": [
        "out"
      ],
      "outputs": {
        "out": "/nix/store/cj6c54si3pfrrw3ikrfnin2nbp6ndcdk-kustomize-5.6.0"
      },
      "system": "x86_64-linux",
      "group": "toplevel",
      "priority": 5
    },
    {
      "attr_path": "pack",
      "broken": false,
      "derivation": "/nix/store/vfx71hm0abrg5xzspsajyj6gnd1ymi73-pack-0.37.0.drv",
      "description": "CLI for building apps using Cloud Native Buildpacks",
      "install_id": "pack",
      "license": "Apache-2.0",
      "locked_url": "https://github.com/flox/nixpkgs?rev=3e3afe5174c561dee0df6f2c2b2236990146329f",
      "name": "pack-0.37.0",
      "pname": "pack",
      "rev": "3e3afe5174c561dee0df6f2c2b2236990146329f",
      "rev_count": 811950,
      "rev_date": "2025-06-07T08:35:48Z",
      "scrape_date": "2025-06-09T04:23:54.825526Z",
      "stabilities": [
        "unstable"
      ],
      "unfree": false,
      "version": "0.37.0",
      "outputs_to_install": [
        "out"
      ],
      "outputs": {
        "out": "/nix/store/666i4lxdkyrnfm5pargj06v1wbrng068-pack-0.37.0"
      },
      "system": "aarch64-darwin",
      "group": "toplevel",
      "priority": 5
    },
    {
      "attr_path": "pack",
      "broken": false,
      "derivation": "/nix/store/b1vi1lqcrakjdc24d4xj4l3mdbp4hxs7-pack-0.37.0.drv",
      "description": "CLI for building apps using Cloud Native Buildpacks",
      "install_id": "pack",
      "license": "Apache-2.0",
      "locked_url": "https://github.com/flox/nixpkgs?rev=3e3afe5174c561dee0df6f2c2b2236990146329f",
      "name": "pack-0.37.0",
      "pname": "pack",
      "rev": "3e3afe5174c561dee0df6f2c2b2236990146329f",
      "rev_count": 811950,
      "rev_date": "2025-06-07T08:35:48Z",
      "scrape_date": "2025-06-09T04:42:10.860201Z",
      "stabilities": [
        "unstable"
      ],
      "unfree": false,
      "version": "0.37.0",
      "outputs_to_install": [
        "out"
      ],
      "outputs": {
        "out": "/nix/store/7sfnhn74fgmnyaaicjxl0lrd9chqgiaj-pack-0.37.0"
      },
      "system": "aarch64-linux",
      "group": "toplevel",
      "priority": 5
    },
    {
      "attr_path": "pack",
      "broken": false,
      "derivation": "/nix/store/qldikp7q9jarlqcfzzkkx9kb3r5cznya-pack-0.37.0.drv",
      "description": "CLI for building apps using Cloud Native Buildpacks",
      "install_id": "pack",
      "license": "Apache-2.0",
      "locked_url": "https://github.com/flox/nixpkgs?rev=3e3afe5174c561dee0df6f2c2b2236990146329f",
      "name": "pack-0.37.0",
      "pname": "pack",
      "rev": "3e3afe5174c561dee0df6f2c2b2236990146329f",
      "rev_count": 811950,
      "rev_date": "2025-06-07T08:35:48Z",
      "scrape_date": "2025-06-09T04:58:25.104271Z",
      "stabilities": [
        "unstable"
      ],
      "unfree": false,
      "version": "0.37.0",
      "outputs_to_install": [
        "out"
      ],
      "outputs": {
        "out": "/nix/store/62xvlj1wr28pm96nxqgzq1psbiqnwx4a-pack-0.37.0"
      },
      "system": "x86_64-darwin",
      "group": "toplevel",
      "priority": 5
    },
    {
      "attr_path": "pack",
      "broken": false,
      "derivation": "/nix/store/y1l7ak9c7191ib272mm5gp7xsmy6841h-pack-0.37.0.drv",
      "description": "CLI for building apps using Cloud Native Buildpacks",
      "install_id": "pack",
      "license": "Apache-2.0",
      "locked_url": "https://github.com/flox/nixpkgs?rev=3e3afe5174c561dee0df6f2c2b2236990146329f",
      "name": "pack-0.37.0",
      "pname": "pack",
      "rev": "3e3afe5174c561dee0df6f2c2b2236990146329f",
      "rev_count": 811950,
      "rev_date": "2025-06-07T08:35:48Z",
      "scrape_date": "2025-06-09T05:17:56.598367Z",
      "stabilities": [
        "unstable"
      ],
      "unfree": false,
      "version": "0.37.0",
      "outputs_to_install": [
        "out"
      ],
      "outputs": {
        "out": "/nix/store/rd5zcrjdwzy0vn4x2kkdkzspnb5vrfql-pack-0.37.0"
      },
      "system": "x86_64-linux",
      "group": "toplevel",
      "priority": 5
    },
    {
      "attr_path": "skaffold",
      "broken": false,
      "derivation": "/nix/store/19a5ipf8m6011ypk4346s6kw2amr7lvg-skaffold-2.16.0.drv",
      "description": "Easy and Repeatable Kubernetes Development",
      "install_id": "skaffold",
      "license": "Apache-2.0",
      "locked_url": "https://github.com/flox/nixpkgs?rev=3e3afe5174c561dee0df6f2c2b2236990146329f",
      "name": "skaffold-2.16.0",
      "pname": "skaffold",
      "rev": "3e3afe5174c561dee0df6f2c2b2236990146329f",
      "rev_count": 811950,
      "rev_date": "2025-06-07T08:35:48Z",
      "scrape_date": "2025-06-09T04:24:31.436757Z",
      "stabilities": [
        "unstable"
      ],
      "unfree": false,
      "version": "2.16.0",
      "outputs_to_install": [
        "out"
      ],
      "outputs": {
        "out": "/nix/store/mbzf6iqs81jhx7ma4i8ya8qcipwlb1hr-skaffold-2.16.0"
      },
      "system": "aarch64-darwin",
      "group": "toplevel",
      "priority": 5
    },
    {
      "attr_path": "skaffold",
      "broken": false,
      "derivation": "/nix/store/gzjs8ij6lkkf7hyw6mzg04nw581k4g9c-skaffold-2.16.0.drv",
      "description": "Easy and Repeatable Kubernetes Development",
      "install_id": "skaffold",
      "license": "Apache-2.0",
      "locked_url": "https://github.com/flox/nixpkgs?rev=3e3afe5174c561dee0df6f2c2b2236990146329f",
      "name": "skaffold-2.16.0",
      "pname": "skaffold",
      "rev": "3e3afe5174c561dee0df6f2c2b2236990146329f",
      "rev_count": 811950,
      "rev_date": "2025-06-07T08:35:48Z",
      "scrape_date": "2025-06-09T04:43:05.841205Z",
      "stabilities": [
        "unstable"
      ],
      "unfree": false,
      "version": "2.16.0",
      "outputs_to_install": [
        "out"
      ],
      "outputs": {
        "out": "/nix/store/zpcra3si15zc10vnqn964zgcjf155vgg-skaffold-2.16.0"
      },
      "system": "aarch64-linux",
      "group": "toplevel",
      "priority": 5
    },
    {
      "attr_path": "skaffold",
      "broken": false,
      "derivation": "/nix/store/gbd8b3ywfbggqr5ldnmwxqnx98hw75qa-skaffold-2.16.0.drv",
      "description": "Easy and Repeatable Kubernetes Development",
      "install_id": "skaffold",
      "license": "Apache-2.0",
      "locked_url": "https://github.com/flox/nixpkgs?rev=3e3afe5174c561dee0df6f2c2b2236990146329f",
      "name": "skaffold-2.16.0",
      "pname": "skaffold",
      "rev": "3e3afe5174c561dee0df6f2c2b2236990146329f",
      "rev_count": 811950,
      "rev_date": "2025-06-07T08:35:48Z",
      "scrape_date": "2025-06-09T04:59:01.358780Z",
      "stabilities": [
        "unstable"
      ],
      "unfree": false,
      "version": "2.16.0",
      "outputs_to_install": [
        "out"
      ],
      "outputs": {
        "out": "/nix/store/rk9y6w5dxk8cpgklhsii8kiq0i436crj-skaffold-2.16.0"
      },
      "system": "x86_64-darwin",
      "group": "toplevel",
      "priority": 5
    },
    {
      "attr_path": "skaffold",
      "broken": false,
      "derivation": "/nix/store/khbd08h79ci80gdcj27xd012awj12pin-skaffold-2.16.0.drv",
      "description": "Easy and Repeatable Kubernetes Development",
      "install_id": "skaffold",
      "license": "Apache-2.0",
      "locked_url": "https://github.com/flox/nixpkgs?rev=3e3afe5174c561dee0df6f2c2b2236990146329f",
      "name": "skaffold-2.16.0",
      "pname": "skaffold",
      "rev": "3e3afe5174c561dee0df6f2c2b2236990146329f",
      "rev_count": 811950,
      "rev_date": "2025-06-07T08:35:48Z",
      "scrape_date": "2025-06-09T05:18:55.913283Z",
      "stabilities": [
        "unstable"
      ],
      "unfree": false,
      "version": "2.16.0",
      "outputs_to_install": [
        "out"
      ],
      "outputs": {
        "out": "/nix/store/hkrdg8qzvx8r2q881mzg2xw0p40cnyhx-skaffold-2.16.0"
      },
      "system": "x86_64-linux",
      "group": "toplevel",
      "priority": 5
    },
    {
      "install_id": "arconia-cli-flake",
      "locked-url": "github:thomasvitale/arconia-cli-flake/b0d9403de544f8d0d0e969cf5d7663a0c92288bc?narHash=sha256-mNn9/d0qkRmzTgZo%2BIyu7yQGd0oq0aCSE%2BGR8EZunr4%3D",
      "flake-description": "Arconia CLI",
      "locked-flake-attr-path": "packages.aarch64-darwin.default",
      "derivation": "/nix/store/smy10kik59yczhwcllp2373d33bkl16y-arconia-0.2.4.drv",
      "outputs": {
        "out": "/nix/store/5j1xj8h6kjw44impgfsnwhig7f5by1a6-arconia-0.2.4"
      },
      "output-names": [
        "out"
      ],
      "outputs-to-install": [
        "out"
      ],
      "requested-outputs-to-install": [],
      "package-system": "aarch64-darwin",
      "system": "aarch64-darwin",
      "name": "arconia-0.2.4",
      "pname": "arconia",
      "version": "0.2.4",
      "broken": false,
      "unfree": false,
      "priority": 5
    },
    {
      "install_id": "arconia-cli-flake",
      "locked-url": "github:thomasvitale/arconia-cli-flake/b0d9403de544f8d0d0e969cf5d7663a0c92288bc?narHash=sha256-mNn9/d0qkRmzTgZo%2BIyu7yQGd0oq0aCSE%2BGR8EZunr4%3D",
      "flake-description": "Arconia CLI",
      "locked-flake-attr-path": "packages.aarch64-linux.default",
      "derivation": "/nix/store/z4hrcwcn3l6syxw34np4jba9dqphbry8-arconia-0.2.4.drv",
      "outputs": {
        "out": "/nix/store/69x0g7aagc28dxwpapal0dwfw2wxlsfx-arconia-0.2.4"
      },
      "output-names": [
        "out"
      ],
      "outputs-to-install": [
        "out"
      ],
      "requested-outputs-to-install": [],
      "package-system": "aarch64-linux",
      "system": "aarch64-linux",
      "name": "arconia-0.2.4",
      "pname": "arconia",
      "version": "0.2.4",
      "broken": false,
      "unfree": false,
      "priority": 5
    },
    {
      "install_id": "arconia-cli-flake",
      "locked-url": "github:thomasvitale/arconia-cli-flake/b0d9403de544f8d0d0e969cf5d7663a0c92288bc?narHash=sha256-mNn9/d0qkRmzTgZo%2BIyu7yQGd0oq0aCSE%2BGR8EZunr4%3D",
      "flake-description": "Arconia CLI",
      "locked-flake-attr-path": "packages.x86_64-darwin.default",
      "derivation": "/nix/store/ha5206wvdqxrhh22ssqwcfaxflp48p5y-arconia-0.2.4.drv",
      "outputs": {
        "out": "/nix/store/bn3y878gs0id2y5nningahn6x1aj4hfn-arconia-0.2.4"
      },
      "output-names": [
        "out"
      ],
      "outputs-to-install": [
        "out"
      ],
      "requested-outputs-to-install": [],
      "package-system": "x86_64-darwin",
      "system": "x86_64-darwin",
      "name": "arconia-0.2.4",
      "pname": "arconia",
      "version": "0.2.4",
      "broken": false,
      "unfree": false,
      "priority": 5
    },
    {
      "install_id": "arconia-cli-flake",
      "locked-url": "github:thomasvitale/arconia-cli-flake/b0d9403de544f8d0d0e969cf5d7663a0c92288bc?narHash=sha256-mNn9/d0qkRmzTgZo%2BIyu7yQGd0oq0aCSE%2BGR8EZunr4%3D",
      "flake-description": "Arconia CLI",
      "locked-flake-attr-path": "packages.x86_64-linux.default",
      "derivation": "/nix/store/4pi20rq75k64q5ibq127dx001hy5nl9g-arconia-0.2.4.drv",
      "outputs": {
        "out": "/nix/store/znbaxkqramlzfx2z38i7bpqvrqzd43vb-arconia-0.2.4"
      },
      "output-names": [
        "out"
      ],
      "outputs-to-install": [
        "out"
      ],
      "requested-outputs-to-install": [],
      "package-system": "x86_64-linux",
      "system": "x86_64-linux",
      "name": "arconia-0.2.4",
      "pname": "arconia",
      "version": "0.2.4",
      "broken": false,
      "unfree": false,
      "priority": 5
    }
  ]
}